
Microsoft Visual Studio Solution File, Format Version 12.00
# Visual Studio Version 17
VisualStudioVersion = 17.4.33213.308
MinimumVisualStudioVersion = 10.0.40219.1
Project("{FAE04EC0-301F-11D3-BF4B-00C04F79EFBC}") = "gerenciadordepecas", "gerenciadordepecas\gerenciadordepecas.csproj", "{1195530B-4807-4BF4-A07B-C9B876663915}"
EndProject
Global
	GlobalSection(SolutionConfigurationPlatforms) = preSolution
		Debug|Any CPU = Debug|Any CPU
		Release|Any CPU = Release|Any CPU
	EndGlobalSection
	GlobalSection(ProjectConfigurationPlatforms) = postSolution
		{1195530B-4807-4BF4-A07B-C9B876663915}.Debug|Any CPU.ActiveCfg = Debug|Any CPU
		{1195530B-4807-4BF4-A07B-C9B876663915}.Debug|Any CPU.Build.0 = Debug|Any CPU
		{1195530B-4807-4BF4-A07B-C9B876663915}.Release|Any CPU.ActiveCfg = Release|Any CPU
		{1195530B-4807-4BF4-A07B-C9B876663915}.Release|Any CPU.Build.0 = Release|Any CPU
	EndGlobalSection
	GlobalSection(SolutionProperties) = preSolution
		HideSolutionNode = FALSE
	EndGlobalSection
	GlobalSection(ExtensibilityGlobals) = postSolution
		SolutionGuid = {45425DC7-AEF0-4F44-B0EE-F17EA0D5A747}
	EndGlobalSection
EndGlobal
